// !$*UTF8*$!
{
	archiveVersion = 1;
	classes = {
	};
	objectVersion = 77;
	objects = {

/* Begin PBXBuildFile section */
		F0BC69912EC3EF5200A115CB /* WalletAddress.swift in Sources */ = {isa = PBXBuildFile; fileRef = F0BC69902EC3EF5200A115CB /* WalletAddress.swift */; };
		F0BC69932EC3EF7800A115CB /* NetworkModels.swift in Sources */ = {isa = PBXBuildFile; fileRef = F0BC69922EC3EF7800A115CB /* NetworkModels.swift */; };
		F0BC69982EC3F11D00A115CB /* EtherscanService.swift in Sources */ = {isa = PBXBuildFile; fileRef = F0BC69972EC3F11600A115CB /* EtherscanService.swift */; };
		F0BC699A2EC3F17400A115CB /* CoinGeckoService.swift in Sources */ = {isa = PBXBuildFile; fileRef = F0BC69992EC3F16E00A115CB /* CoinGeckoService.swift */; };
		F0BC69A02EC3F29600A115CB /* Formatters.swift in Sources */ = {isa = PBXBuildFile; fileRef = F0BC699F2EC3F29300A115CB /* Formatters.swift */; };
		F0BC69A42EC3F48600A115CB /* AddressListView.swift in Sources */ = {isa = PBXBuildFile; fileRef = F0BC69A32EC3F39600A115CB /* AddressListView.swift */; };
		F0BC69A52EC3F49200A115CB /* AddAddressView.swift in Sources */ = {isa = PBXBuildFile; fileRef = F0BC69A22EC3F32600A115CB /* AddAddressView.swift */; };
		F0BC69A62EC3F49700A115CB /* AddAddressViewModel.swift in Sources */ = {isa = PBXBuildFile; fileRef = F0BC69A12EC3F2CC00A115CB /* AddAddressViewModel.swift */; };
		F0BC69A92EC3FB6300A115CB /* PortfolioDetailViewModel.swift in Sources */ = {isa = PBXBuildFile; fileRef = F0BC69A82EC3FB5B00A115CB /* PortfolioDetailViewModel.swift */; };
		F0BC69AB2EC3FBB500A115CB /* PortfolioDetailView.swift in Sources */ = {isa = PBXBuildFile; fileRef = F0BC69AA2EC3FBAF00A115CB /* PortfolioDetailView.swift */; };
		F0BC69AE2EC3FBDD00A115CB /* SimulatedStakingViewModel.swift in Sources */ = {isa = PBXBuildFile; fileRef = F0BC69AD2EC3FBD700A115CB /* SimulatedStakingViewModel.swift */; };
		F0BC69B12EC3FC0B00A115CB /* SimulatedWrapViewModel.swift in Sources */ = {isa = PBXBuildFile; fileRef = F0BC69B02EC3FC0400A115CB /* SimulatedWrapViewModel.swift */; };
		F0BC69B32EC3FC2400A115CB /* StakingView.swift in Sources */ = {isa = PBXBuildFile; fileRef = F0BC69B22EC3FC2000A115CB /* StakingView.swift */; };
		F0BC69B52EC3FC3600A115CB /* WrapView.swift in Sources */ = {isa = PBXBuildFile; fileRef = F0BC69B42EC3FC3300A115CB /* WrapView.swift */; };
		F0BC69B82EC3FC7200A115CB /* StakeWrapContainerView.swift in Sources */ = {isa = PBXBuildFile; fileRef = F0BC69B72EC3FC6C00A115CB /* StakeWrapContainerView.swift */; };
		F0BC69BB2EC3FC9D00A115CB /* VaultView.swift in Sources */ = {isa = PBXBuildFile; fileRef = F0BC69BA2EC3FC9900A115CB /* VaultView.swift */; };
		F0BC69BE2EC3FCD700A115CB /* DemoCardView.swift in Sources */ = {isa = PBXBuildFile; fileRef = F0BC69BD2EC3FCD300A115CB /* DemoCardView.swift */; };
		F0BC69C12EC3FCF000A115CB /* WalletMainView.swift in Sources */ = {isa = PBXBuildFile; fileRef = F0BC69C02EC3FCEC00A115CB /* WalletMainView.swift */; };
		F0BC69C42EC3FD0C00A115CB /* AppColors.swift in Sources */ = {isa = PBXBuildFile; fileRef = F0BC69C32EC3FD0900A115CB /* AppColors.swift */; };
/* End PBXBuildFile section */

/* Begin PBXFileReference section */
		F0BC697B2EC3EE7300A115CB /* EtherFiTracker.app */ = {isa = PBXFileReference; explicitFileType = wrapper.application; includeInIndex = 0; path = EtherFiTracker.app; sourceTree = BUILT_PRODUCTS_DIR; };
		F0BC69902EC3EF5200A115CB /* WalletAddress.swift */ = {isa = PBXFileReference; lastKnownFileType = sourcecode.swift; path = WalletAddress.swift; sourceTree = "<group>"; };
		F0BC69922EC3EF7800A115CB /* NetworkModels.swift */ = {isa = PBXFileReference; lastKnownFileType = sourcecode.swift; path = NetworkModels.swift; sourceTree = "<group>"; };
		F0BC69972EC3F11600A115CB /* EtherscanService.swift */ = {isa = PBXFileReference; lastKnownFileType = sourcecode.swift; path = EtherscanService.swift; sourceTree = "<group>"; };
		F0BC69992EC3F16E00A115CB /* CoinGeckoService.swift */ = {isa = PBXFileReference; lastKnownFileType = sourcecode.swift; path = CoinGeckoService.swift; sourceTree = "<group>"; };
		F0BC699F2EC3F29300A115CB /* Formatters.swift */ = {isa = PBXFileReference; lastKnownFileType = sourcecode.swift; path = Formatters.swift; sourceTree = "<group>"; };
		F0BC69A12EC3F2CC00A115CB /* AddAddressViewModel.swift */ = {isa = PBXFileReference; lastKnownFileType = sourcecode.swift; path = AddAddressViewModel.swift; sourceTree = "<group>"; };
		F0BC69A22EC3F32600A115CB /* AddAddressView.swift */ = {isa = PBXFileReference; lastKnownFileType = sourcecode.swift; path = AddAddressView.swift; sourceTree = "<group>"; };
		F0BC69A32EC3F39600A115CB /* AddressListView.swift */ = {isa = PBXFileReference; lastKnownFileType = sourcecode.swift; path = AddressListView.swift; sourceTree = "<group>"; };
		F0BC69A82EC3FB5B00A115CB /* PortfolioDetailViewModel.swift */ = {isa = PBXFileReference; lastKnownFileType = sourcecode.swift; path = PortfolioDetailViewModel.swift; sourceTree = "<group>"; };
		F0BC69AA2EC3FBAF00A115CB /* PortfolioDetailView.swift */ = {isa = PBXFileReference; lastKnownFileType = sourcecode.swift; path = PortfolioDetailView.swift; sourceTree = "<group>"; };
		F0BC69AD2EC3FBD700A115CB /* SimulatedStakingViewModel.swift */ = {isa = PBXFileReference; lastKnownFileType = sourcecode.swift; path = SimulatedStakingViewModel.swift; sourceTree = "<group>"; };
		F0BC69B02EC3FC0400A115CB /* SimulatedWrapViewModel.swift */ = {isa = PBXFileReference; lastKnownFileType = sourcecode.swift; path = SimulatedWrapViewModel.swift; sourceTree = "<group>"; };
		F0BC69B22EC3FC2000A115CB /* StakingView.swift */ = {isa = PBXFileReference; lastKnownFileType = sourcecode.swift; path = StakingView.swift; sourceTree = "<group>"; };
		F0BC69B42EC3FC3300A115CB /* WrapView.swift */ = {isa = PBXFileReference; lastKnownFileType = sourcecode.swift; path = WrapView.swift; sourceTree = "<group>"; };
		F0BC69B72EC3FC6C00A115CB /* StakeWrapContainerView.swift */ = {isa = PBXFileReference; lastKnownFileType = sourcecode.swift; path = StakeWrapContainerView.swift; sourceTree = "<group>"; };
		F0BC69BA2EC3FC9900A115CB /* VaultView.swift */ = {isa = PBXFileReference; lastKnownFileType = sourcecode.swift; path = VaultView.swift; sourceTree = "<group>"; };
		F0BC69BD2EC3FCD300A115CB /* DemoCardView.swift */ = {isa = PBXFileReference; lastKnownFileType = sourcecode.swift; path = DemoCardView.swift; sourceTree = "<group>"; };
		F0BC69C02EC3FCEC00A115CB /* WalletMainView.swift */ = {isa = PBXFileReference; lastKnownFileType = sourcecode.swift; path = WalletMainView.swift; sourceTree = "<group>"; };
		F0BC69C32EC3FD0900A115CB /* AppColors.swift */ = {isa = PBXFileReference; lastKnownFileType = sourcecode.swift; path = AppColors.swift; sourceTree = "<group>"; };
/* End PBXFileReference section */

/* Begin PBXFileSystemSynchronizedBuildFileExceptionSet section */
		F0BC69962EC3F0FB00A115CB /* Exceptions for "EtherFiTracker" folder in "EtherFiTracker" target */ = {
			isa = PBXFileSystemSynchronizedBuildFileExceptionSet;
			membershipExceptions = (
				Info.plist,
			);
			target = F0BC697A2EC3EE7300A115CB /* EtherFiTracker */;
		};
/* End PBXFileSystemSynchronizedBuildFileExceptionSet section */

/* Begin PBXFileSystemSynchronizedRootGroup section */
		F0BC697D2EC3EE7300A115CB /* EtherFiTracker */ = {
			isa = PBXFileSystemSynchronizedRootGroup;
			exceptions = (
				F0BC69962EC3F0FB00A115CB /* Exceptions for "EtherFiTracker" folder in "EtherFiTracker" target */,
			);
			path = EtherFiTracker;
			sourceTree = "<group>";
		};
/* End PBXFileSystemSynchronizedRootGroup section */

/* Begin PBXFrameworksBuildPhase section */
		F0BC69782EC3EE7300A115CB /* Frameworks */ = {
			isa = PBXFrameworksBuildPhase;
			buildActionMask = 2147483647;
			files = (
			);
			runOnlyForDeploymentPostprocessing = 0;
		};
/* End PBXFrameworksBuildPhase section */

/* Begin PBXGroup section */
		F0BC69722EC3EE7300A115CB = {
			isa = PBXGroup;
			children = (
				F0BC699C2EC3F24300A115CB /* Features */,
				F0BC697D2EC3EE7300A115CB /* EtherFiTracker */,
				F0BC697C2EC3EE7300A115CB /* Products */,
				F0BC698B2EC3EE8500A115CB /* Core */,
			);
			sourceTree = "<group>";
		};
		F0BC697C2EC3EE7300A115CB /* Products */ = {
			isa = PBXGroup;
			children = (
				F0BC697B2EC3EE7300A115CB /* EtherFiTracker.app */,
			);
			name = Products;
			sourceTree = "<group>";
		};
		F0BC698B2EC3EE8500A115CB /* Core */ = {
			isa = PBXGroup;
			children = (
				F0BC69C22EC3FD0200A115CB /* Theme */,
				F0BC699B2EC3F22300A115CB /* Utils */,
				F0BC698D2EC3EEB200A115CB /* Networking */,
				F0BC698C2EC3EEA500A115CB /* Data */,
			);
			path = Core;
			sourceTree = "<group>";
		};
		F0BC698C2EC3EEA500A115CB /* Data */ = {
			isa = PBXGroup;
			children = (
				F0BC698E2EC3EEC100A115CB /* Models */,
			);
			path = Data;
			sourceTree = "<group>";
		};
		F0BC698D2EC3EEB200A115CB /* Networking */ = {
			isa = PBXGroup;
			children = (
				F0BC69942EC3F05200A115CB /* Services */,
				F0BC698F2EC3EEC800A115CB /* Models */,
			);
			path = Networking;
			sourceTree = "<group>";
		};
		F0BC698E2EC3EEC100A115CB /* Models */ = {
			isa = PBXGroup;
			children = (
				F0BC69902EC3EF5200A115CB /* WalletAddress.swift */,
			);
			path = Models;
			sourceTree = "<group>";
		};
		F0BC698F2EC3EEC800A115CB /* Models */ = {
			isa = PBXGroup;
			children = (
				F0BC69922EC3EF7800A115CB /* NetworkModels.swift */,
			);
			path = Models;
			sourceTree = "<group>";
		};
		F0BC69942EC3F05200A115CB /* Services */ = {
			isa = PBXGroup;
			children = (
				F0BC69992EC3F16E00A115CB /* CoinGeckoService.swift */,
				F0BC69972EC3F11600A115CB /* EtherscanService.swift */,
			);
			path = Services;
			sourceTree = "<group>";
		};
		F0BC699B2EC3F22300A115CB /* Utils */ = {
			isa = PBXGroup;
			children = (
				F0BC699F2EC3F29300A115CB /* Formatters.swift */,
			);
			path = Utils;
			sourceTree = "<group>";
		};
		F0BC699C2EC3F24300A115CB /* Features */ = {
			isa = PBXGroup;
			children = (
				F0BC69BF2EC3FCE700A115CB /* WalletMain */,
				F0BC69BC2EC3FCCB00A115CB /* Card */,
				F0BC69B92EC3FC8F00A115CB /* Vault */,
				F0BC69B62EC3FC6200A115CB /* StakeWrap */,
				F0BC69AF2EC3FBFA00A115CB /* Wrap */,
				F0BC69AC2EC3FBCF00A115CB /* Staking */,
				F0BC69A72EC3FB5000A115CB /* Portfolio */,
				F0BC699E2EC3F26000A115CB /* WalletList */,
				F0BC699D2EC3F25A00A115CB /* AddWallet */,
			);
			path = Features;
			sourceTree = "<group>";
		};
		F0BC699D2EC3F25A00A115CB /* AddWallet */ = {
			isa = PBXGroup;
			children = (
				F0BC69A22EC3F32600A115CB /* AddAddressView.swift */,
				F0BC69A12EC3F2CC00A115CB /* AddAddressViewModel.swift */,
			);
			path = AddWallet;
			sourceTree = "<group>";
		};
		F0BC699E2EC3F26000A115CB /* WalletList */ = {
			isa = PBXGroup;
			children = (
				F0BC69A32EC3F39600A115CB /* AddressListView.swift */,
			);
			path = WalletList;
			sourceTree = "<group>";
		};
		F0BC69A72EC3FB5000A115CB /* Portfolio */ = {
			isa = PBXGroup;
			children = (
				F0BC69AA2EC3FBAF00A115CB /* PortfolioDetailView.swift */,
				F0BC69A82EC3FB5B00A115CB /* PortfolioDetailViewModel.swift */,
			);
			path = Portfolio;
			sourceTree = "<group>";
		};
		F0BC69AC2EC3FBCF00A115CB /* Staking */ = {
			isa = PBXGroup;
			children = (
				F0BC69B22EC3FC2000A115CB /* StakingView.swift */,
				F0BC69AD2EC3FBD700A115CB /* SimulatedStakingViewModel.swift */,
			);
			path = Staking;
			sourceTree = "<group>";
		};
		F0BC69AF2EC3FBFA00A115CB /* Wrap */ = {
			isa = PBXGroup;
			children = (
				F0BC69B42EC3FC3300A115CB /* WrapView.swift */,
				F0BC69B02EC3FC0400A115CB /* SimulatedWrapViewModel.swift */,
			);
			path = Wrap;
			sourceTree = "<group>";
		};
		F0BC69B62EC3FC6200A115CB /* StakeWrap */ = {
			isa = PBXGroup;
			children = (
				F0BC69B72EC3FC6C00A115CB /* StakeWrapContainerView.swift */,
			);
			path = StakeWrap;
			sourceTree = "<group>";
		};
		F0BC69B92EC3FC8F00A115CB /* Vault */ = {
			isa = PBXGroup;
			children = (
				F0BC69BA2EC3FC9900A115CB /* VaultView.swift */,
			);
			path = Vault;
			sourceTree = "<group>";
		};
		F0BC69BC2EC3FCCB00A115CB /* Card */ = {
			isa = PBXGroup;
			children = (
				F0BC69BD2EC3FCD300A115CB /* DemoCardView.swift */,
			);
			path = Card;
			sourceTree = "<group>";
		};
		F0BC69BF2EC3FCE700A115CB /* WalletMain */ = {
			isa = PBXGroup;
			children = (
				F0BC69C02EC3FCEC00A115CB /* WalletMainView.swift */,
			);
			path = WalletMain;
			sourceTree = "<group>";
		};
		F0BC69C22EC3FD0200A115CB /* Theme */ = {
			isa = PBXGroup;
			children = (
				F0BC69C32EC3FD0900A115CB /* AppColors.swift */,
			);
			path = Theme;
			sourceTree = "<group>";
		};
/* End PBXGroup section */

/* Begin PBXNativeTarget section */
		F0BC697A2EC3EE7300A115CB /* EtherFiTracker */ = {
			isa = PBXNativeTarget;
			buildConfigurationList = F0BC69882EC3EE7500A115CB /* Build configuration list for PBXNativeTarget "EtherFiTracker" */;
			buildPhases = (
				F0BC69772EC3EE7300A115CB /* Sources */,
				F0BC69782EC3EE7300A115CB /* Frameworks */,
				F0BC69792EC3EE7300A115CB /* Resources */,
			);
			buildRules = (
			);
			dependencies = (
			);
			fileSystemSynchronizedGroups = (
				F0BC697D2EC3EE7300A115CB /* EtherFiTracker */,
			);
			name = EtherFiTracker;
			packageProductDependencies = (
			);
			productName = EtherFiTracker;
			productReference = F0BC697B2EC3EE7300A115CB /* EtherFiTracker.app */;
			productType = "com.apple.product-type.application";
		};
/* End PBXNativeTarget section */

/* Begin PBXProject section */
		F0BC69732EC3EE7300A115CB /* Project object */ = {
			isa = PBXProject;
			attributes = {
				BuildIndependentTargetsInParallel = 1;
				LastSwiftUpdateCheck = 2610;
				LastUpgradeCheck = 2610;
				TargetAttributes = {
					F0BC697A2EC3EE7300A115CB = {
						CreatedOnToolsVersion = 26.1.1;
					};
				};
			};
			buildConfigurationList = F0BC69762EC3EE7300A115CB /* Build configuration list for PBXProject "EtherFiTracker" */;
			developmentRegion = en;
			hasScannedForEncodings = 0;
			knownRegions = (
				en,
				Base,
			);
			mainGroup = F0BC69722EC3EE7300A115CB;
			minimizedProjectReferenceProxies = 1;
			preferredProjectObjectVersion = 77;
			productRefGroup = F0BC697C2EC3EE7300A115CB /* Products */;
			projectDirPath = "";
			projectRoot = "";
			targets = (
				F0BC697A2EC3EE7300A115CB /* EtherFiTracker */,
			);
		};
/* End PBXProject section */

/* Begin PBXResourcesBuildPhase section */
		F0BC69792EC3EE7300A115CB /* Resources */ = {
			isa = PBXResourcesBuildPhase;
			buildActionMask = 2147483647;
			files = (
			);
			runOnlyForDeploymentPostprocessing = 0;
		};
/* End PBXResourcesBuildPhase section */

/* Begin PBXSourcesBuildPhase section */
		F0BC69772EC3EE7300A115CB /* Sources */ = {
			isa = PBXSourcesBuildPhase;
			buildActionMask = 2147483647;
			files = (
				F0BC69A92EC3FB6300A115CB /* PortfolioDetailViewModel.swift in Sources */,
				F0BC69B12EC3FC0B00A115CB /* SimulatedWrapViewModel.swift in Sources */,
				F0BC69A02EC3F29600A115CB /* Formatters.swift in Sources */,
				F0BC69B52EC3FC3600A115CB /* WrapView.swift in Sources */,
				F0BC69A52EC3F49200A115CB /* AddAddressView.swift in Sources */,
				F0BC69B32EC3FC2400A115CB /* StakingView.swift in Sources */,
				F0BC69B82EC3FC7200A115CB /* StakeWrapContainerView.swift in Sources */,
				F0BC699A2EC3F17400A115CB /* CoinGeckoService.swift in Sources */,
				F0BC69A42EC3F48600A115CB /* AddressListView.swift in Sources */,
				F0BC69AB2EC3FBB500A115CB /* PortfolioDetailView.swift in Sources */,
				F0BC69BE2EC3FCD700A115CB /* DemoCardView.swift in Sources */,
				F0BC69A62EC3F49700A115CB /* AddAddressViewModel.swift in Sources */,
				F0BC69C42EC3FD0C00A115CB /* AppColors.swift in Sources */,
				F0BC69932EC3EF7800A115CB /* NetworkModels.swift in Sources */,
				F0BC69912EC3EF5200A115CB /* WalletAddress.swift in Sources */,
				F0BC69BB2EC3FC9D00A115CB /* VaultView.swift in Sources */,
				F0BC69C12EC3FCF000A115CB /* WalletMainView.swift in Sources */,
				F0BC69982EC3F11D00A115CB /* EtherscanService.swift in Sources */,
				F0BC69AE2EC3FBDD00A115CB /* SimulatedStakingViewModel.swift in Sources */,
			);
			runOnlyForDeploymentPostprocessing = 0;
		};
/* End PBXSourcesBuildPhase section */

/* Begin XCBuildConfiguration section */
		F0BC69862EC3EE7500A115CB /* Debug */ = {
			isa = XCBuildConfiguration;
			buildSettings = {
				ALWAYS_SEARCH_USER_PATHS = NO;
				ASSETCATALOG_COMPILER_GENERATE_SWIFT_ASSET_SYMBOL_EXTENSIONS = YES;
				CLANG_ANALYZER_NONNULL = YES;
				CLANG_ANALYZER_NUMBER_OBJECT_CONVERSION = YES_AGGRESSIVE;
				CLANG_CXX_LANGUAGE_STANDARD = "gnu++20";
				CLANG_ENABLE_MODULES = YES;
				CLANG_ENABLE_OBJC_ARC = YES;
				CLANG_ENABLE_OBJC_WEAK = YES;
				CLANG_WARN_BLOCK_CAPTURE_AUTORELEASING = YES;
				CLANG_WARN_BOOL_CONVERSION = YES;
				CLANG_WARN_COMMA = YES;
				CLANG_WARN_CONSTANT_CONVERSION = YES;
				CLANG_WARN_DEPRECATED_OBJC_IMPLEMENTATIONS = YES;
				CLANG_WARN_DIRECT_OBJC_ISA_USAGE = YES_ERROR;
				CLANG_WARN_DOCUMENTATION_COMMENTS = YES;
				CLANG_WARN_EMPTY_BODY = YES;
				CLANG_WARN_ENUM_CONVERSION = YES;
				CLANG_WARN_INFINITE_RECURSION = YES;
				CLANG_WARN_INT_CONVERSION = YES;
				CLANG_WARN_NON_LITERAL_NULL_CONVERSION = YES;
				CLANG_WARN_OBJC_IMPLICIT_RETAIN_SELF = YES;
				CLANG_WARN_OBJC_LITERAL_CONVERSION = YES;
				CLANG_WARN_OBJC_ROOT_CLASS = YES_ERROR;
				CLANG_WARN_QUOTED_INCLUDE_IN_FRAMEWORK_HEADER = YES;
				CLANG_WARN_RANGE_LOOP_ANALYSIS = YES;
				CLANG_WARN_STRICT_PROTOTYPES = YES;
				CLANG_WARN_SUSPICIOUS_MOVE = YES;
				CLANG_WARN_UNGUARDED_AVAILABILITY = YES_AGGRESSIVE;
				CLANG_WARN_UNREACHABLE_CODE = YES;
				CLANG_WARN__DUPLICATE_METHOD_MATCH = YES;
				COPY_PHASE_STRIP = NO;
				DEBUG_INFORMATION_FORMAT = dwarf;
				ENABLE_STRICT_OBJC_MSGSEND = YES;
				ENABLE_TESTABILITY = YES;
				ENABLE_USER_SCRIPT_SANDBOXING = YES;
				GCC_C_LANGUAGE_STANDARD = gnu17;
				GCC_DYNAMIC_NO_PIC = NO;
				GCC_NO_COMMON_BLOCKS = YES;
				GCC_OPTIMIZATION_LEVEL = 0;
				GCC_PREPROCESSOR_DEFINITIONS = (
					"DEBUG=1",
					"$(inherited)",
				);
				GCC_WARN_64_TO_32_BIT_CONVERSION = YES;
				GCC_WARN_ABOUT_RETURN_TYPE = YES_ERROR;
				GCC_WARN_UNDECLARED_SELECTOR = YES;
				GCC_WARN_UNINITIALIZED_AUTOS = YES_AGGRESSIVE;
				GCC_WARN_UNUSED_FUNCTION = YES;
				GCC_WARN_UNUSED_VARIABLE = YES;
				IPHONEOS_DEPLOYMENT_TARGET = 26.1;
				LOCALIZATION_PREFERS_STRING_CATALOGS = YES;
				MTL_ENABLE_DEBUG_INFO = INCLUDE_SOURCE;
				MTL_FAST_MATH = YES;
				ONLY_ACTIVE_ARCH = YES;
				SDKROOT = iphoneos;
				SWIFT_ACTIVE_COMPILATION_CONDITIONS = "DEBUG $(inherited)";
				SWIFT_OPTIMIZATION_LEVEL = "-Onone";
			};
			name = Debug;
		};
		F0BC69872EC3EE7500A115CB /* Release */ = {
			isa = XCBuildConfiguration;
			buildSettings = {
				ALWAYS_SEARCH_USER_PATHS = NO;
				ASSETCATALOG_COMPILER_GENERATE_SWIFT_ASSET_SYMBOL_EXTENSIONS = YES;
				CLANG_ANALYZER_NONNULL = YES;
				CLANG_ANALYZER_NUMBER_OBJECT_CONVERSION = YES_AGGRESSIVE;
				CLANG_CXX_LANGUAGE_STANDARD = "gnu++20";
				CLANG_ENABLE_MODULES = YES;
				CLANG_ENABLE_OBJC_ARC = YES;
				CLANG_ENABLE_OBJC_WEAK = YES;
				CLANG_WARN_BLOCK_CAPTURE_AUTORELEASING = YES;
				CLANG_WARN_BOOL_CONVERSION = YES;
				CLANG_WARN_COMMA = YES;
				CLANG_WARN_CONSTANT_CONVERSION = YES;
				CLANG_WARN_DEPRECATED_OBJC_IMPLEMENTATIONS = YES;
				CLANG_WARN_DIRECT_OBJC_ISA_USAGE = YES_ERROR;
				CLANG_WARN_DOCUMENTATION_COMMENTS = YES;
				CLANG_WARN_EMPTY_BODY = YES;
				CLANG_WARN_ENUM_CONVERSION = YES;
				CLANG_WARN_INFINITE_RECURSION = YES;
				CLANG_WARN_INT_CONVERSION = YES;
				CLANG_WARN_NON_LITERAL_NULL_CONVERSION = YES;
				CLANG_WARN_OBJC_IMPLICIT_RETAIN_SELF = YES;
				CLANG_WARN_OBJC_LITERAL_CONVERSION = YES;
				CLANG_WARN_OBJC_ROOT_CLASS = YES_ERROR;
				CLANG_WARN_QUOTED_INCLUDE_IN_FRAMEWORK_HEADER = YES;
				CLANG_WARN_RANGE_LOOP_ANALYSIS = YES;
				CLANG_WARN_STRICT_PROTOTYPES = YES;
				CLANG_WARN_SUSPICIOUS_MOVE = YES;
				CLANG_WARN_UNGUARDED_AVAILABILITY = YES_AGGRESSIVE;
				CLANG_WARN_UNREACHABLE_CODE = YES;
				CLANG_WARN__DUPLICATE_METHOD_MATCH = YES;
				COPY_PHASE_STRIP = NO;
				DEBUG_INFORMATION_FORMAT = "dwarf-with-dsym";
				ENABLE_NS_ASSERTIONS = NO;
				ENABLE_STRICT_OBJC_MSGSEND = YES;
				ENABLE_USER_SCRIPT_SANDBOXING = YES;
				GCC_C_LANGUAGE_STANDARD = gnu17;
				GCC_NO_COMMON_BLOCKS = YES;
				GCC_WARN_64_TO_32_BIT_CONVERSION = YES;
				GCC_WARN_ABOUT_RETURN_TYPE = YES_ERROR;
				GCC_WARN_UNDECLARED_SELECTOR = YES;
				GCC_WARN_UNINITIALIZED_AUTOS = YES_AGGRESSIVE;
				GCC_WARN_UNUSED_FUNCTION = YES;
				GCC_WARN_UNUSED_VARIABLE = YES;
				IPHONEOS_DEPLOYMENT_TARGET = 26.1;
				LOCALIZATION_PREFERS_STRING_CATALOGS = YES;
				MTL_ENABLE_DEBUG_INFO = NO;
				MTL_FAST_MATH = YES;
				SDKROOT = iphoneos;
				SWIFT_COMPILATION_MODE = wholemodule;
				VALIDATE_PRODUCT = YES;
			};
			name = Release;
		};
		F0BC69892EC3EE7500A115CB /* Debug */ = {
			isa = XCBuildConfiguration;
			buildSettings = {
				ASSETCATALOG_COMPILER_APPICON_NAME = AppIcon;
				ASSETCATALOG_COMPILER_GLOBAL_ACCENT_COLOR_NAME = AccentColor;
				CODE_SIGN_STYLE = Automatic;
				CURRENT_PROJECT_VERSION = 1;
				ENABLE_PREVIEWS = YES;
				GENERATE_INFOPLIST_FILE = YES;
				INFOPLIST_FILE = EtherFiTracker/Info.plist;
				INFOPLIST_KEY_UIApplicationSceneManifest_Generation = YES;
				INFOPLIST_KEY_UIApplicationSupportsIndirectInputEvents = YES;
				INFOPLIST_KEY_UILaunchScreen_Generation = YES;
				INFOPLIST_KEY_UISupportedInterfaceOrientations_iPad = "UIInterfaceOrientationPortrait UIInterfaceOrientationPortraitUpsideDown UIInterfaceOrientationLandscapeLeft UIInterfaceOrientationLandscapeRight";
				INFOPLIST_KEY_UISupportedInterfaceOrientations_iPhone = "UIInterfaceOrientationPortrait UIInterfaceOrientationLandscapeLeft UIInterfaceOrientationLandscapeRight";
				LD_RUNPATH_SEARCH_PATHS = (
					"$(inherited)",
					"@executable_path/Frameworks",
				);
				MARKETING_VERSION = 1.0;
				PRODUCT_BUNDLE_IDENTIFIER = com.babel.EtherFiTracker;
				PRODUCT_NAME = "$(TARGET_NAME)";
				STRING_CATALOG_GENERATE_SYMBOLS = YES;
				SWIFT_APPROACHABLE_CONCURRENCY = YES;
				SWIFT_DEFAULT_ACTOR_ISOLATION = MainActor;
				SWIFT_EMIT_LOC_STRINGS = YES;
				SWIFT_UPCOMING_FEATURE_MEMBER_IMPORT_VISIBILITY = YES;
				SWIFT_VERSION = 5.0;
				TARGETED_DEVICE_FAMILY = "1,2";
			};
			name = Debug;
		};
		F0BC698A2EC3EE7500A115CB /* Release */ = {
			isa = XCBuildConfiguration;
			buildSettings = {
				ASSETCATALOG_COMPILER_APPICON_NAME = AppIcon;
				ASSETCATALOG_COMPILER_GLOBAL_ACCENT_COLOR_NAME = AccentColor;
				CODE_SIGN_STYLE = Automatic;
				CURRENT_PROJECT_VERSION = 1;
				ENABLE_PREVIEWS = YES;
				GENERATE_INFOPLIST_FILE = YES;
				INFOPLIST_FILE = EtherFiTracker/Info.plist;
				INFOPLIST_KEY_UIApplicationSceneManifest_Generation = YES;
				INFOPLIST_KEY_UIApplicationSupportsIndirectInputEvents = YES;
				INFOPLIST_KEY_UILaunchScreen_Generation = YES;
				INFOPLIST_KEY_UISupportedInterfaceOrientations_iPad = "UIInterfaceOrientationPortrait UIInterfaceOrientationPortraitUpsideDown UIInterfaceOrientationLandscapeLeft UIInterfaceOrientationLandscapeRight";
				INFOPLIST_KEY_UISupportedInterfaceOrientations_iPhone = "UIInterfaceOrientationPortrait UIInterfaceOrientationLandscapeLeft UIInterfaceOrientationLandscapeRight";
				LD_RUNPATH_SEARCH_PATHS = (
					"$(inherited)",
					"@executable_path/Frameworks",
				);
				MARKETING_VERSION = 1.0;
				PRODUCT_BUNDLE_IDENTIFIER = com.babel.EtherFiTracker;
				PRODUCT_NAME = "$(TARGET_NAME)";
				STRING_CATALOG_GENERATE_SYMBOLS = YES;
				SWIFT_APPROACHABLE_CONCURRENCY = YES;
				SWIFT_DEFAULT_ACTOR_ISOLATION = MainActor;
				SWIFT_EMIT_LOC_STRINGS = YES;
				SWIFT_UPCOMING_FEATURE_MEMBER_IMPORT_VISIBILITY = YES;
				SWIFT_VERSION = 5.0;
				TARGETED_DEVICE_FAMILY = "1,2";
			};
			name = Release;
		};
/* End XCBuildConfiguration section */

/* Begin XCConfigurationList section */
		F0BC69762EC3EE7300A115CB /* Build configuration list for PBXProject "EtherFiTracker" */ = {
			isa = XCConfigurationList;
			buildConfigurations = (
				F0BC69862EC3EE7500A115CB /* Debug */,
				F0BC69872EC3EE7500A115CB /* Release */,
			);
			defaultConfigurationIsVisible = 0;
			defaultConfigurationName = Release;
		};
		F0BC69882EC3EE7500A115CB /* Build configuration list for PBXNativeTarget "EtherFiTracker" */ = {
			isa = XCConfigurationList;
			buildConfigurations = (
				F0BC69892EC3EE7500A115CB /* Debug */,
				F0BC698A2EC3EE7500A115CB /* Release */,
			);
			defaultConfigurationIsVisible = 0;
			defaultConfigurationName = Release;
		};
/* End XCConfigurationList section */
	};
	rootObject = F0BC69732EC3EE7300A115CB /* Project object */;
}
